// !$*UTF8*$!
{
	archiveVersion = 1;
	classes = {
	};
	objectVersion = 60;
	objects = {

/* Begin PBXBuildFile section */
		220140C82C63F3A80033807F /* Publisher.swift in Sources */ = {isa = PBXBuildFile; fileRef = 220140C72C63F3A60033807F /* Publisher.swift */; };
		2208BA592C58E5A500AA94E8 /* Globals.swift in Sources */ = {isa = PBXBuildFile; fileRef = 2208BA582C58E5A200AA94E8 /* Globals.swift */; };
		22190D8D2CA74ADF00A65B44 /* Geocoding.swift in Sources */ = {isa = PBXBuildFile; fileRef = 22190D8C2CA74ACD00A65B44 /* Geocoding.swift */; };
		223DEB962CEA5F2800B6DDCD /* LabeledTextField.swift in Sources */ = {isa = PBXBuildFile; fileRef = 223DEB952CEA5F2000B6DDCD /* LabeledTextField.swift */; };
		223DEB982CEA618000B6DDCD /* LabeledText.swift in Sources */ = {isa = PBXBuildFile; fileRef = 223DEB972CEA617B00B6DDCD /* LabeledText.swift */; };
		225492002CE8D33700F014F5 /* CryptoStore.swift in Sources */ = {isa = PBXBuildFile; fileRef = 225491FF2CE8D33300F014F5 /* CryptoStore.swift */; };
		225492022CE8D4BD00F014F5 /* OSStatus.swift in Sources */ = {isa = PBXBuildFile; fileRef = 225492012CE8D4B900F014F5 /* OSStatus.swift */; };
		2285BE422C542B7A00BA5602 /* FriendsAppState.swift in Sources */ = {isa = PBXBuildFile; fileRef = 2285BE412C542B7A00BA5602 /* FriendsAppState.swift */; };
		2285BE452C542CDE00BA5602 /* Friend.swift in Sources */ = {isa = PBXBuildFile; fileRef = 2285BE442C542CDE00BA5602 /* Friend.swift */; };
		2285BE482C5431AB00BA5602 /* MainCoordinator.swift in Sources */ = {isa = PBXBuildFile; fileRef = 2285BE472C5431AB00BA5602 /* MainCoordinator.swift */; };
		2285BE4B2C54378B00BA5602 /* Binding.swift in Sources */ = {isa = PBXBuildFile; fileRef = 2285BE4A2C54378B00BA5602 /* Binding.swift */; };
		2285BE4E2C54443200BA5602 /* WindowHeightHelper.swift in Sources */ = {isa = PBXBuildFile; fileRef = 2285BE4D2C54443200BA5602 /* WindowHeightHelper.swift */; };
		2285BE502C544AE700BA5602 /* Location.swift in Sources */ = {isa = PBXBuildFile; fileRef = 2285BE4F2C544AE700BA5602 /* Location.swift */; };
		228B05DC2C9705F400B45911 /* FriendDetailView.swift in Sources */ = {isa = PBXBuildFile; fileRef = 228B05DB2C9705EF00B45911 /* FriendDetailView.swift */; };
		2297DACD2D35135000694CC2 /* DebugTestView.swift in Sources */ = {isa = PBXBuildFile; fileRef = 2297DACC2D35135000694CC2 /* DebugTestView.swift */; };
		2297DAD32D3AC0A900694CC2 /* RoomListServiceHandler.swift in Sources */ = {isa = PBXBuildFile; fileRef = 2297DAD22D3AC0A400694CC2 /* RoomListServiceHandler.swift */; };
		2297DAD52D3AC24C00694CC2 /* SlidingSyncVersion.swift in Sources */ = {isa = PBXBuildFile; fileRef = 2297DAD42D3AC24700694CC2 /* SlidingSyncVersion.swift */; };
		2297DAD72D3ACB2300694CC2 /* SyncServiceHandler.swift in Sources */ = {isa = PBXBuildFile; fileRef = 2297DAD62D3ACB2300694CC2 /* SyncServiceHandler.swift */; };
		2297DAEF2D3D1FD300694CC2 /* VerificationStateHandler.swift in Sources */ = {isa = PBXBuildFile; fileRef = 2297DAEE2D3D1FCC00694CC2 /* VerificationStateHandler.swift */; };
		22A097342CE677B5001B1CB7 /* String.swift in Sources */ = {isa = PBXBuildFile; fileRef = 22A097332CE677B3001B1CB7 /* String.swift */; };
		22A1E0302CF4CB7400688E90 /* MatrixRustSDK in Frameworks */ = {isa = PBXBuildFile; productRef = 22A1E02F2CF4CB7400688E90 /* MatrixRustSDK */; };
		22CC258F2C568B9200240431 /* LocationService.swift in Sources */ = {isa = PBXBuildFile; fileRef = 22CC258E2C568B8D00240431 /* LocationService.swift */; };
		22CC25922C56EBE400240431 /* Logger.swift in Sources */ = {isa = PBXBuildFile; fileRef = 22CC25912C56EBE400240431 /* Logger.swift */; };
		22E958282D0748DD00E296AC /* Session.swift in Sources */ = {isa = PBXBuildFile; fileRef = 22E958272D0748DB00E296AC /* Session.swift */; };
		22F56D012C4D435C000E6E71 /* FriendsApp.swift in Sources */ = {isa = PBXBuildFile; fileRef = 22F56D002C4D435C000E6E71 /* FriendsApp.swift */; };
		22F56D052C4D435D000E6E71 /* Assets.xcassets in Resources */ = {isa = PBXBuildFile; fileRef = 22F56D042C4D435D000E6E71 /* Assets.xcassets */; };
		22F56D0F2C4D6F13000E6E71 /* FriendsMapView.swift in Sources */ = {isa = PBXBuildFile; fileRef = 22F56D0E2C4D6F13000E6E71 /* FriendsMapView.swift */; };
		22F56D172C4D70A6000E6E71 /* FriendImageView.swift in Sources */ = {isa = PBXBuildFile; fileRef = 22F56D162C4D70A6000E6E71 /* FriendImageView.swift */; };
		22F56D192C4E630A000E6E71 /* FriendsListView.swift in Sources */ = {isa = PBXBuildFile; fileRef = 22F56D182C4E630A000E6E71 /* FriendsListView.swift */; };
/* End PBXBuildFile section */

/* Begin PBXFileReference section */
		220140C72C63F3A60033807F /* Publisher.swift */ = {isa = PBXFileReference; lastKnownFileType = sourcecode.swift; path = Publisher.swift; sourceTree = "<group>"; };
		2208BA582C58E5A200AA94E8 /* Globals.swift */ = {isa = PBXFileReference; lastKnownFileType = sourcecode.swift; path = Globals.swift; sourceTree = "<group>"; };
		22190D8C2CA74ACD00A65B44 /* Geocoding.swift */ = {isa = PBXFileReference; lastKnownFileType = sourcecode.swift; path = Geocoding.swift; sourceTree = "<group>"; };
		223DEB952CEA5F2000B6DDCD /* LabeledTextField.swift */ = {isa = PBXFileReference; lastKnownFileType = sourcecode.swift; path = LabeledTextField.swift; sourceTree = "<group>"; };
		223DEB972CEA617B00B6DDCD /* LabeledText.swift */ = {isa = PBXFileReference; lastKnownFileType = sourcecode.swift; path = LabeledText.swift; sourceTree = "<group>"; };
		225491FF2CE8D33300F014F5 /* CryptoStore.swift */ = {isa = PBXFileReference; lastKnownFileType = sourcecode.swift; path = CryptoStore.swift; sourceTree = "<group>"; };
		225492012CE8D4B900F014F5 /* OSStatus.swift */ = {isa = PBXFileReference; lastKnownFileType = sourcecode.swift; path = OSStatus.swift; sourceTree = "<group>"; };
		2285BE412C542B7A00BA5602 /* FriendsAppState.swift */ = {isa = PBXFileReference; lastKnownFileType = sourcecode.swift; path = FriendsAppState.swift; sourceTree = "<group>"; };
		2285BE442C542CDE00BA5602 /* Friend.swift */ = {isa = PBXFileReference; lastKnownFileType = sourcecode.swift; path = Friend.swift; sourceTree = "<group>"; };
		2285BE472C5431AB00BA5602 /* MainCoordinator.swift */ = {isa = PBXFileReference; lastKnownFileType = sourcecode.swift; path = MainCoordinator.swift; sourceTree = "<group>"; };
		2285BE4A2C54378B00BA5602 /* Binding.swift */ = {isa = PBXFileReference; lastKnownFileType = sourcecode.swift; path = Binding.swift; sourceTree = "<group>"; };
		2285BE4D2C54443200BA5602 /* WindowHeightHelper.swift */ = {isa = PBXFileReference; lastKnownFileType = sourcecode.swift; path = WindowHeightHelper.swift; sourceTree = "<group>"; };
		2285BE4F2C544AE700BA5602 /* Location.swift */ = {isa = PBXFileReference; lastKnownFileType = sourcecode.swift; path = Location.swift; sourceTree = "<group>"; };
		228B05DB2C9705EF00B45911 /* FriendDetailView.swift */ = {isa = PBXFileReference; lastKnownFileType = sourcecode.swift; path = FriendDetailView.swift; sourceTree = "<group>"; };
		2297DACC2D35135000694CC2 /* DebugTestView.swift */ = {isa = PBXFileReference; lastKnownFileType = sourcecode.swift; path = DebugTestView.swift; sourceTree = "<group>"; };
		2297DAD22D3AC0A400694CC2 /* RoomListServiceHandler.swift */ = {isa = PBXFileReference; lastKnownFileType = sourcecode.swift; path = RoomListServiceHandler.swift; sourceTree = "<group>"; };
		2297DAD42D3AC24700694CC2 /* SlidingSyncVersion.swift */ = {isa = PBXFileReference; lastKnownFileType = sourcecode.swift; path = SlidingSyncVersion.swift; sourceTree = "<group>"; };
		2297DAD62D3ACB2300694CC2 /* SyncServiceHandler.swift */ = {isa = PBXFileReference; lastKnownFileType = sourcecode.swift; path = SyncServiceHandler.swift; sourceTree = "<group>"; };
		2297DAEE2D3D1FCC00694CC2 /* VerificationStateHandler.swift */ = {isa = PBXFileReference; lastKnownFileType = sourcecode.swift; path = VerificationStateHandler.swift; sourceTree = "<group>"; };
		22A097332CE677B3001B1CB7 /* String.swift */ = {isa = PBXFileReference; lastKnownFileType = sourcecode.swift; path = String.swift; sourceTree = "<group>"; };
		22CC258E2C568B8D00240431 /* LocationService.swift */ = {isa = PBXFileReference; lastKnownFileType = sourcecode.swift; path = LocationService.swift; sourceTree = "<group>"; };
		22CC25902C568F6600240431 /* Info.plist */ = {isa = PBXFileReference; lastKnownFileType = text.plist; path = Info.plist; sourceTree = "<group>"; };
		22CC25912C56EBE400240431 /* Logger.swift */ = {isa = PBXFileReference; lastKnownFileType = sourcecode.swift; path = Logger.swift; sourceTree = "<group>"; };
		22E958272D0748DB00E296AC /* Session.swift */ = {isa = PBXFileReference; lastKnownFileType = sourcecode.swift; path = Session.swift; sourceTree = "<group>"; };
		22F56CFD2C4D435C000E6E71 /* friends-ios.app */ = {isa = PBXFileReference; explicitFileType = wrapper.application; includeInIndex = 0; path = "friends-ios.app"; sourceTree = BUILT_PRODUCTS_DIR; };
		22F56D002C4D435C000E6E71 /* FriendsApp.swift */ = {isa = PBXFileReference; lastKnownFileType = sourcecode.swift; path = FriendsApp.swift; sourceTree = "<group>"; };
		22F56D042C4D435D000E6E71 /* Assets.xcassets */ = {isa = PBXFileReference; lastKnownFileType = folder.assetcatalog; path = Assets.xcassets; sourceTree = "<group>"; };
		22F56D0E2C4D6F13000E6E71 /* FriendsMapView.swift */ = {isa = PBXFileReference; lastKnownFileType = sourcecode.swift; path = FriendsMapView.swift; sourceTree = "<group>"; };
		22F56D162C4D70A6000E6E71 /* FriendImageView.swift */ = {isa = PBXFileReference; lastKnownFileType = sourcecode.swift; path = FriendImageView.swift; sourceTree = "<group>"; };
		22F56D182C4E630A000E6E71 /* FriendsListView.swift */ = {isa = PBXFileReference; lastKnownFileType = sourcecode.swift; path = FriendsListView.swift; sourceTree = "<group>"; };
/* End PBXFileReference section */

/* Begin PBXFrameworksBuildPhase section */
		22F56CFA2C4D435C000E6E71 /* Frameworks */ = {
			isa = PBXFrameworksBuildPhase;
			buildActionMask = 2147483647;
			files = (
				22A1E0302CF4CB7400688E90 /* MatrixRustSDK in Frameworks */,
				2297DAE52D3BC1F700694CC2 /* MatrixRustSDK in Frameworks */,
			);
			runOnlyForDeploymentPostprocessing = 0;
		};
/* End PBXFrameworksBuildPhase section */

/* Begin PBXGroup section */
		220140CB2C63F7880033807F /* Services */ = {
			isa = PBXGroup;
			children = (
				225491FF2CE8D33300F014F5 /* CryptoStore.swift */,
				22CC258E2C568B8D00240431 /* LocationService.swift */,
				2297DAD12D3ABABB00694CC2 /* Matrix */,
			);
			path = Services;
			sourceTree = "<group>";
		};
		225405D22C55658400E9F5D0 /* Interfaces */ = {
			isa = PBXGroup;
			children = (
				2285BE462C54316E00BA5602 /* Coordinators */,
				22F56D102C4D6F4C000E6E71 /* Scenes */,
				22F56D142C4D707F000E6E71 /* Views */,
			);
			path = Interfaces;
			sourceTree = "<group>";
		};
		2285BE432C542C9E00BA5602 /* Models */ = {
			isa = PBXGroup;
			children = (
				2285BE442C542CDE00BA5602 /* Friend.swift */,
				2285BE4F2C544AE700BA5602 /* Location.swift */,
				2285BE4C2C54441500BA5602 /* Helpers */,
				220140CB2C63F7880033807F /* Services */,
			);
			path = Models;
			sourceTree = "<group>";
		};
		2285BE462C54316E00BA5602 /* Coordinators */ = {
			isa = PBXGroup;
			children = (
				2285BE472C5431AB00BA5602 /* MainCoordinator.swift */,
			);
			path = Coordinators;
			sourceTree = "<group>";
		};
		2285BE492C54377B00BA5602 /* Extensions */ = {
			isa = PBXGroup;
			children = (
				2285BE4A2C54378B00BA5602 /* Binding.swift */,
				22CC25912C56EBE400240431 /* Logger.swift */,
				225492012CE8D4B900F014F5 /* OSStatus.swift */,
				220140C72C63F3A60033807F /* Publisher.swift */,
				22E958272D0748DB00E296AC /* Session.swift */,
				2297DAD42D3AC24700694CC2 /* SlidingSyncVersion.swift */,
				22A097332CE677B3001B1CB7 /* String.swift */,
			);
			path = Extensions;
			sourceTree = "<group>";
		};
		2285BE4C2C54441500BA5602 /* Helpers */ = {
			isa = PBXGroup;
			children = (
				22190D8C2CA74ACD00A65B44 /* Geocoding.swift */,
				2285BE4D2C54443200BA5602 /* WindowHeightHelper.swift */,
			);
			path = Helpers;
			sourceTree = "<group>";
		};
		2297DACB2D35133700694CC2 /* Debug */ = {
			isa = PBXGroup;
			children = (
				2297DACC2D35135000694CC2 /* DebugTestView.swift */,
			);
			path = Debug;
			sourceTree = "<group>";
		};
		2297DAD12D3ABABB00694CC2 /* Matrix */ = {
			isa = PBXGroup;
			children = (
				2297DAD22D3AC0A400694CC2 /* RoomListServiceHandler.swift */,
				2297DAD62D3ACB2300694CC2 /* SyncServiceHandler.swift */,
				2297DAEE2D3D1FCC00694CC2 /* VerificationStateHandler.swift */,
			);
			path = Matrix;
			sourceTree = "<group>";
		};
		22F56CF42C4D435C000E6E71 = {
			isa = PBXGroup;
			children = (
				22F56CFF2C4D435C000E6E71 /* Friends */,
				22F56CFE2C4D435C000E6E71 /* Products */,
			);
			sourceTree = "<group>";
		};
		22F56CFE2C4D435C000E6E71 /* Products */ = {
			isa = PBXGroup;
			children = (
				22F56CFD2C4D435C000E6E71 /* friends-ios.app */,
			);
			name = Products;
			sourceTree = "<group>";
		};
		22F56CFF2C4D435C000E6E71 /* Friends */ = {
			isa = PBXGroup;
			children = (
				22CC25902C568F6600240431 /* Info.plist */,
				22F56D042C4D435D000E6E71 /* Assets.xcassets */,
				22F56D002C4D435C000E6E71 /* FriendsApp.swift */,
				2285BE412C542B7A00BA5602 /* FriendsAppState.swift */,
				2208BA582C58E5A200AA94E8 /* Globals.swift */,
				225405D22C55658400E9F5D0 /* Interfaces */,
				2285BE492C54377B00BA5602 /* Extensions */,
				2285BE432C542C9E00BA5602 /* Models */,
			);
			path = Friends;
			sourceTree = "<group>";
		};
		22F56D102C4D6F4C000E6E71 /* Scenes */ = {
			isa = PBXGroup;
			children = (
				228B05DB2C9705EF00B45911 /* FriendDetailView.swift */,
				22F56D182C4E630A000E6E71 /* FriendsListView.swift */,
				22F56D0E2C4D6F13000E6E71 /* FriendsMapView.swift */,
			);
			path = Scenes;
			sourceTree = "<group>";
		};
		22F56D142C4D707F000E6E71 /* Views */ = {
			isa = PBXGroup;
			children = (
				2297DACB2D35133700694CC2 /* Debug */,
				22F56D162C4D70A6000E6E71 /* FriendImageView.swift */,
				223DEB972CEA617B00B6DDCD /* LabeledText.swift */,
				223DEB952CEA5F2000B6DDCD /* LabeledTextField.swift */,
			);
			path = Views;
			sourceTree = "<group>";
		};
/* End PBXGroup section */

/* Begin PBXNativeTarget section */
		22F56CFC2C4D435C000E6E71 /* friends-ios */ = {
			isa = PBXNativeTarget;
			buildConfigurationList = 22F56D0B2C4D435D000E6E71 /* Build configuration list for PBXNativeTarget "friends-ios" */;
			buildPhases = (
				22F56CF92C4D435C000E6E71 /* Sources */,
				22F56CFA2C4D435C000E6E71 /* Frameworks */,
				22F56CFB2C4D435C000E6E71 /* Resources */,
			);
			buildRules = (
			);
			dependencies = (
			);
			name = "friends-ios";
			productName = Friends;
			productReference = 22F56CFD2C4D435C000E6E71 /* friends-ios.app */;
			productType = "com.apple.product-type.application";
		};
/* End PBXNativeTarget section */

/* Begin PBXProject section */
		22F56CF52C4D435C000E6E71 /* Project object */ = {
			isa = PBXProject;
			attributes = {
				BuildIndependentTargetsInParallel = 1;
				LastSwiftUpdateCheck = 1610;
				LastUpgradeCheck = 1540;
				TargetAttributes = {
					22F56CFC2C4D435C000E6E71 = {
						CreatedOnToolsVersion = 15.4;
					};
				};
			};
			buildConfigurationList = 22F56CF82C4D435C000E6E71 /* Build configuration list for PBXProject "Friends" */;
			compatibilityVersion = "Xcode 14.0";
			developmentRegion = en;
			hasScannedForEncodings = 0;
			knownRegions = (
				en,
				Base,
			);
			mainGroup = 22F56CF42C4D435C000E6E71;
			packageReferences = (
				2297DAE32D3BC1F700694CC2 /* XCRemoteSwiftPackageReference "matrix-rust-components-swift" */,
			);
			productRefGroup = 22F56CFE2C4D435C000E6E71 /* Products */;
			projectDirPath = "";
			projectRoot = "";
			targets = (
				22F56CFC2C4D435C000E6E71 /* friends-ios */,
			);
		};
/* End PBXProject section */

/* Begin PBXResourcesBuildPhase section */
		22F56CFB2C4D435C000E6E71 /* Resources */ = {
			isa = PBXResourcesBuildPhase;
			buildActionMask = 2147483647;
			files = (
				22F56D052C4D435D000E6E71 /* Assets.xcassets in Resources */,
			);
			runOnlyForDeploymentPostprocessing = 0;
		};
/* End PBXResourcesBuildPhase section */

/* Begin PBXSourcesBuildPhase section */
		22F56CF92C4D435C000E6E71 /* Sources */ = {
			isa = PBXSourcesBuildPhase;
			buildActionMask = 2147483647;
			files = (
				2285BE4E2C54443200BA5602 /* WindowHeightHelper.swift in Sources */,
				22F56D0F2C4D6F13000E6E71 /* FriendsMapView.swift in Sources */,
				2285BE502C544AE700BA5602 /* Location.swift in Sources */,
				22CC25922C56EBE400240431 /* Logger.swift in Sources */,
				2297DAD52D3AC24C00694CC2 /* SlidingSyncVersion.swift in Sources */,
				22F56D012C4D435C000E6E71 /* FriendsApp.swift in Sources */,
				22F56D172C4D70A6000E6E71 /* FriendImageView.swift in Sources */,
				2297DAD32D3AC0A900694CC2 /* RoomListServiceHandler.swift in Sources */,
				223DEB982CEA618000B6DDCD /* LabeledText.swift in Sources */,
				2297DAEF2D3D1FD300694CC2 /* VerificationStateHandler.swift in Sources */,
				22A097342CE677B5001B1CB7 /* String.swift in Sources */,
				228B05DC2C9705F400B45911 /* FriendDetailView.swift in Sources */,
				2285BE4B2C54378B00BA5602 /* Binding.swift in Sources */,
				22190D8D2CA74ADF00A65B44 /* Geocoding.swift in Sources */,
				2285BE422C542B7A00BA5602 /* FriendsAppState.swift in Sources */,
				22F56D192C4E630A000E6E71 /* FriendsListView.swift in Sources */,
				2297DACD2D35135000694CC2 /* DebugTestView.swift in Sources */,
				220140C82C63F3A80033807F /* Publisher.swift in Sources */,
				225492022CE8D4BD00F014F5 /* OSStatus.swift in Sources */,
				22CC258F2C568B9200240431 /* LocationService.swift in Sources */,
				22E958282D0748DD00E296AC /* Session.swift in Sources */,
				225492002CE8D33700F014F5 /* CryptoStore.swift in Sources */,
				2208BA592C58E5A500AA94E8 /* Globals.swift in Sources */,
				2285BE482C5431AB00BA5602 /* MainCoordinator.swift in Sources */,
				2285BE452C542CDE00BA5602 /* Friend.swift in Sources */,
				223DEB962CEA5F2800B6DDCD /* LabeledTextField.swift in Sources */,
				2297DAD72D3ACB2300694CC2 /* SyncServiceHandler.swift in Sources */,
			);
			runOnlyForDeploymentPostprocessing = 0;
		};
/* End PBXSourcesBuildPhase section */

/* Begin XCBuildConfiguration section */
		22F56D092C4D435D000E6E71 /* Debug */ = {
			isa = XCBuildConfiguration;
			buildSettings = {
				ALWAYS_SEARCH_USER_PATHS = NO;
				ASSETCATALOG_COMPILER_GENERATE_SWIFT_ASSET_SYMBOL_EXTENSIONS = YES;
				CLANG_ANALYZER_NONNULL = YES;
				CLANG_ANALYZER_NUMBER_OBJECT_CONVERSION = YES_AGGRESSIVE;
				CLANG_CXX_LANGUAGE_STANDARD = "gnu++20";
				CLANG_ENABLE_MODULES = YES;
				CLANG_ENABLE_OBJC_ARC = YES;
				CLANG_ENABLE_OBJC_WEAK = YES;
				CLANG_WARN_BLOCK_CAPTURE_AUTORELEASING = YES;
				CLANG_WARN_BOOL_CONVERSION = YES;
				CLANG_WARN_COMMA = YES;
				CLANG_WARN_CONSTANT_CONVERSION = YES;
				CLANG_WARN_DEPRECATED_OBJC_IMPLEMENTATIONS = YES;
				CLANG_WARN_DIRECT_OBJC_ISA_USAGE = YES_ERROR;
				CLANG_WARN_DOCUMENTATION_COMMENTS = YES;
				CLANG_WARN_EMPTY_BODY = YES;
				CLANG_WARN_ENUM_CONVERSION = YES;
				CLANG_WARN_INFINITE_RECURSION = YES;
				CLANG_WARN_INT_CONVERSION = YES;
				CLANG_WARN_NON_LITERAL_NULL_CONVERSION = YES;
				CLANG_WARN_OBJC_IMPLICIT_RETAIN_SELF = YES;
				CLANG_WARN_OBJC_LITERAL_CONVERSION = YES;
				CLANG_WARN_OBJC_ROOT_CLASS = YES_ERROR;
				CLANG_WARN_QUOTED_INCLUDE_IN_FRAMEWORK_HEADER = YES;
				CLANG_WARN_RANGE_LOOP_ANALYSIS = YES;
				CLANG_WARN_STRICT_PROTOTYPES = YES;
				CLANG_WARN_SUSPICIOUS_MOVE = YES;
				CLANG_WARN_UNGUARDED_AVAILABILITY = YES_AGGRESSIVE;
				CLANG_WARN_UNREACHABLE_CODE = YES;
				CLANG_WARN__DUPLICATE_METHOD_MATCH = YES;
				COPY_PHASE_STRIP = NO;
				CURRENT_PROJECT_VERSION = 1;
				DEBUG_INFORMATION_FORMAT = dwarf;
				ENABLE_STRICT_OBJC_MSGSEND = YES;
				ENABLE_TESTABILITY = YES;
				ENABLE_USER_SCRIPT_SANDBOXING = YES;
				GCC_C_LANGUAGE_STANDARD = gnu17;
				GCC_DYNAMIC_NO_PIC = NO;
				GCC_NO_COMMON_BLOCKS = YES;
				GCC_OPTIMIZATION_LEVEL = 0;
				GCC_PREPROCESSOR_DEFINITIONS = (
					"DEBUG=1",
					"$(inherited)",
				);
				GCC_WARN_64_TO_32_BIT_CONVERSION = YES;
				GCC_WARN_ABOUT_RETURN_TYPE = YES_ERROR;
				GCC_WARN_UNDECLARED_SELECTOR = YES;
				GCC_WARN_UNINITIALIZED_AUTOS = YES_AGGRESSIVE;
				GCC_WARN_UNUSED_FUNCTION = YES;
				GCC_WARN_UNUSED_VARIABLE = YES;
				IPHONEOS_DEPLOYMENT_TARGET = 17.0;
				LOCALIZATION_PREFERS_STRING_CATALOGS = YES;
				MARKETING_VERSION = 0.1;
				MTL_ENABLE_DEBUG_INFO = INCLUDE_SOURCE;
				MTL_FAST_MATH = YES;
				ONLY_ACTIVE_ARCH = YES;
				SDKROOT = iphoneos;
				SWIFT_ACTIVE_COMPILATION_CONDITIONS = "DEBUG $(inherited)";
				SWIFT_OPTIMIZATION_LEVEL = "-Onone";
			};
			name = Debug;
		};
		22F56D0A2C4D435D000E6E71 /* Release */ = {
			isa = XCBuildConfiguration;
			buildSettings = {
				ALWAYS_SEARCH_USER_PATHS = NO;
				ASSETCATALOG_COMPILER_GENERATE_SWIFT_ASSET_SYMBOL_EXTENSIONS = YES;
				CLANG_ANALYZER_NONNULL = YES;
				CLANG_ANALYZER_NUMBER_OBJECT_CONVERSION = YES_AGGRESSIVE;
				CLANG_CXX_LANGUAGE_STANDARD = "gnu++20";
				CLANG_ENABLE_MODULES = YES;
				CLANG_ENABLE_OBJC_ARC = YES;
				CLANG_ENABLE_OBJC_WEAK = YES;
				CLANG_WARN_BLOCK_CAPTURE_AUTORELEASING = YES;
				CLANG_WARN_BOOL_CONVERSION = YES;
				CLANG_WARN_COMMA = YES;
				CLANG_WARN_CONSTANT_CONVERSION = YES;
				CLANG_WARN_DEPRECATED_OBJC_IMPLEMENTATIONS = YES;
				CLANG_WARN_DIRECT_OBJC_ISA_USAGE = YES_ERROR;
				CLANG_WARN_DOCUMENTATION_COMMENTS = YES;
				CLANG_WARN_EMPTY_BODY = YES;
				CLANG_WARN_ENUM_CONVERSION = YES;
				CLANG_WARN_INFINITE_RECURSION = YES;
				CLANG_WARN_INT_CONVERSION = YES;
				CLANG_WARN_NON_LITERAL_NULL_CONVERSION = YES;
				CLANG_WARN_OBJC_IMPLICIT_RETAIN_SELF = YES;
				CLANG_WARN_OBJC_LITERAL_CONVERSION = YES;
				CLANG_WARN_OBJC_ROOT_CLASS = YES_ERROR;
				CLANG_WARN_QUOTED_INCLUDE_IN_FRAMEWORK_HEADER = YES;
				CLANG_WARN_RANGE_LOOP_ANALYSIS = YES;
				CLANG_WARN_STRICT_PROTOTYPES = YES;
				CLANG_WARN_SUSPICIOUS_MOVE = YES;
				CLANG_WARN_UNGUARDED_AVAILABILITY = YES_AGGRESSIVE;
				CLANG_WARN_UNREACHABLE_CODE = YES;
				CLANG_WARN__DUPLICATE_METHOD_MATCH = YES;
				COPY_PHASE_STRIP = NO;
				CURRENT_PROJECT_VERSION = 1;
				DEBUG_INFORMATION_FORMAT = "dwarf-with-dsym";
				ENABLE_NS_ASSERTIONS = NO;
				ENABLE_STRICT_OBJC_MSGSEND = YES;
				ENABLE_USER_SCRIPT_SANDBOXING = YES;
				GCC_C_LANGUAGE_STANDARD = gnu17;
				GCC_NO_COMMON_BLOCKS = YES;
				GCC_WARN_64_TO_32_BIT_CONVERSION = YES;
				GCC_WARN_ABOUT_RETURN_TYPE = YES_ERROR;
				GCC_WARN_UNDECLARED_SELECTOR = YES;
				GCC_WARN_UNINITIALIZED_AUTOS = YES_AGGRESSIVE;
				GCC_WARN_UNUSED_FUNCTION = YES;
				GCC_WARN_UNUSED_VARIABLE = YES;
				IPHONEOS_DEPLOYMENT_TARGET = 17.0;
				LOCALIZATION_PREFERS_STRING_CATALOGS = YES;
				MARKETING_VERSION = 0.1;
				MTL_ENABLE_DEBUG_INFO = NO;
				MTL_FAST_MATH = YES;
				SDKROOT = iphoneos;
				SWIFT_COMPILATION_MODE = wholemodule;
				VALIDATE_PRODUCT = YES;
			};
			name = Release;
		};
		22F56D0C2C4D435D000E6E71 /* Debug */ = {
			isa = XCBuildConfiguration;
			buildSettings = {
				ASSETCATALOG_COMPILER_APPICON_NAME = AppIcon;
				ASSETCATALOG_COMPILER_GLOBAL_ACCENT_COLOR_NAME = AccentColor;
				CODE_SIGN_STYLE = Automatic;
				CURRENT_PROJECT_VERSION = "$(inherited)";
				DEVELOPMENT_ASSET_PATHS = "";
				DEVELOPMENT_TEAM = QT27QDFZ7N;
				ENABLE_PREVIEWS = YES;
				GENERATE_INFOPLIST_FILE = YES;
				INFOPLIST_FILE = Friends/Info.plist;
				INFOPLIST_KEY_CFBundleDisplayName = Friends;
				INFOPLIST_KEY_LSApplicationCategoryType = "public.app-category.social-networking";
				INFOPLIST_KEY_NSLocationAlwaysAndWhenInUseUsageDescription = "Friends needs your location access to show it on maps and send it to your friends or family.";
				INFOPLIST_KEY_NSLocationAlwaysUsageDescription = "Friends needs your location access to show it on maps and send it to your friends or family.";
				INFOPLIST_KEY_NSLocationUsageDescription = "Friends needs your location access to show it on maps and send it to your friends or family.";
				INFOPLIST_KEY_NSLocationWhenInUseUsageDescription = "Friends needs your location access to show it on maps and send it to your friends or family.";
				INFOPLIST_KEY_UIApplicationSceneManifest_Generation = YES;
				INFOPLIST_KEY_UIApplicationSupportsIndirectInputEvents = YES;
				INFOPLIST_KEY_UILaunchScreen_Generation = YES;
				INFOPLIST_KEY_UISupportedInterfaceOrientations_iPad = "UIInterfaceOrientationPortrait UIInterfaceOrientationPortraitUpsideDown UIInterfaceOrientationLandscapeLeft UIInterfaceOrientationLandscapeRight";
				INFOPLIST_KEY_UISupportedInterfaceOrientations_iPhone = "UIInterfaceOrientationPortrait UIInterfaceOrientationLandscapeLeft UIInterfaceOrientationLandscapeRight";
				IPHONEOS_DEPLOYMENT_TARGET = "$(inherited)";
				LD_RUNPATH_SEARCH_PATHS = (
					"$(inherited)",
					"@executable_path/Frameworks",
				);
				MACOSX_DEPLOYMENT_TARGET = "$(inherited)";
				MARKETING_VERSION = "$(inherited)";
				PRODUCT_BUNDLE_IDENTIFIER = de.tadris.friends;
				PRODUCT_NAME = "$(TARGET_NAME)";
				SUPPORTED_PLATFORMS = "iphoneos iphonesimulator";
				SUPPORTS_MACCATALYST = NO;
				SUPPORTS_MAC_DESIGNED_FOR_IPHONE_IPAD = NO;
				SUPPORTS_XR_DESIGNED_FOR_IPHONE_IPAD = NO;
				SWIFT_EMIT_LOC_STRINGS = YES;
				SWIFT_VERSION = 5.0;
				TARGETED_DEVICE_FAMILY = "1,2";
				TVOS_DEPLOYMENT_TARGET = "$(inherited)";
				WATCHOS_DEPLOYMENT_TARGET = "$(inherited)";
				XROS_DEPLOYMENT_TARGET = "$(inherited)";
			};
			name = Debug;
		};
		22F56D0D2C4D435D000E6E71 /* Release */ = {
			isa = XCBuildConfiguration;
			buildSettings = {
				ASSETCATALOG_COMPILER_APPICON_NAME = AppIcon;
				ASSETCATALOG_COMPILER_GLOBAL_ACCENT_COLOR_NAME = AccentColor;
				CODE_SIGN_STYLE = Automatic;
				CURRENT_PROJECT_VERSION = "$(inherited)";
				DEVELOPMENT_ASSET_PATHS = "";
				DEVELOPMENT_TEAM = QT27QDFZ7N;
				ENABLE_PREVIEWS = YES;
				GENERATE_INFOPLIST_FILE = YES;
				INFOPLIST_FILE = Friends/Info.plist;
				INFOPLIST_KEY_CFBundleDisplayName = Friends;
				INFOPLIST_KEY_LSApplicationCategoryType = "public.app-category.social-networking";
				INFOPLIST_KEY_NSLocationAlwaysAndWhenInUseUsageDescription = "Friends needs your location access to show it on maps and send it to your friends or family.";
				INFOPLIST_KEY_NSLocationAlwaysUsageDescription = "Friends needs your location access to show it on maps and send it to your friends or family.";
				INFOPLIST_KEY_NSLocationUsageDescription = "Friends needs your location access to show it on maps and send it to your friends or family.";
				INFOPLIST_KEY_NSLocationWhenInUseUsageDescription = "Friends needs your location access to show it on maps and send it to your friends or family.";
				INFOPLIST_KEY_UIApplicationSceneManifest_Generation = YES;
				INFOPLIST_KEY_UIApplicationSupportsIndirectInputEvents = YES;
				INFOPLIST_KEY_UILaunchScreen_Generation = YES;
				INFOPLIST_KEY_UISupportedInterfaceOrientations_iPad = "UIInterfaceOrientationPortrait UIInterfaceOrientationPortraitUpsideDown UIInterfaceOrientationLandscapeLeft UIInterfaceOrientationLandscapeRight";
				INFOPLIST_KEY_UISupportedInterfaceOrientations_iPhone = "UIInterfaceOrientationPortrait UIInterfaceOrientationLandscapeLeft UIInterfaceOrientationLandscapeRight";
				IPHONEOS_DEPLOYMENT_TARGET = "$(inherited)";
				LD_RUNPATH_SEARCH_PATHS = (
					"$(inherited)",
					"@executable_path/Frameworks",
				);
				MACOSX_DEPLOYMENT_TARGET = "$(inherited)";
				MARKETING_VERSION = "$(inherited)";
				PRODUCT_BUNDLE_IDENTIFIER = de.tadris.friends;
				PRODUCT_NAME = "$(TARGET_NAME)";
				SUPPORTED_PLATFORMS = "iphoneos iphonesimulator";
				SUPPORTS_MACCATALYST = NO;
				SUPPORTS_MAC_DESIGNED_FOR_IPHONE_IPAD = NO;
				SUPPORTS_XR_DESIGNED_FOR_IPHONE_IPAD = NO;
				SWIFT_EMIT_LOC_STRINGS = YES;
				SWIFT_VERSION = 5.0;
				TARGETED_DEVICE_FAMILY = "1,2";
				TVOS_DEPLOYMENT_TARGET = "$(inherited)";
				WATCHOS_DEPLOYMENT_TARGET = "$(inherited)";
				XROS_DEPLOYMENT_TARGET = "$(inherited)";
			};
			name = Release;
		};
/* End XCBuildConfiguration section */

/* Begin XCConfigurationList section */
		22F56CF82C4D435C000E6E71 /* Build configuration list for PBXProject "Friends" */ = {
			isa = XCConfigurationList;
			buildConfigurations = (
				22F56D092C4D435D000E6E71 /* Debug */,
				22F56D0A2C4D435D000E6E71 /* Release */,
			);
			defaultConfigurationIsVisible = 0;
			defaultConfigurationName = Release;
		};
		22F56D0B2C4D435D000E6E71 /* Build configuration list for PBXNativeTarget "friends-ios" */ = {
			isa = XCConfigurationList;
			buildConfigurations = (
				22F56D0C2C4D435D000E6E71 /* Debug */,
				22F56D0D2C4D435D000E6E71 /* Release */,
			);
			defaultConfigurationIsVisible = 0;
			defaultConfigurationName = Release;
		};
/* End XCConfigurationList section */

/* Begin XCRemoteSwiftPackageReference section */
		2297DAE32D3BC1F700694CC2 /* XCRemoteSwiftPackageReference "matrix-rust-components-swift" */ = {
			isa = XCRemoteSwiftPackageReference;
			repositoryURL = "https://github.com/matrix-org/matrix-rust-components-swift";
			requirement = {
				kind = upToNextMajorVersion;
				minimumVersion = 24.12.20;
			};
		};
		22A1E02E2CF4CB7400688E90 /* XCRemoteSwiftPackageReference "matrix-rust-components-swift" */ = {
			isa = XCRemoteSwiftPackageReference;
			repositoryURL = "https://github.com/matrix-org/matrix-rust-components-swift";
			requirement = {
				branch = main;
				kind = branch;
			};
		};
/* End XCRemoteSwiftPackageReference section */

/* Begin XCSwiftPackageProductDependency section */
		2297DAE42D3BC1F700694CC2 /* MatrixRustSDK */ = {
			isa = XCSwiftPackageProductDependency;
			package = 2297DAE32D3BC1F700694CC2 /* XCRemoteSwiftPackageReference "matrix-rust-components-swift" */;
			productName = MatrixRustSDK;
		};
		22A1E02F2CF4CB7400688E90 /* MatrixRustSDK */ = {
			isa = XCSwiftPackageProductDependency;
			package = 22A1E02E2CF4CB7400688E90 /* XCRemoteSwiftPackageReference "matrix-rust-components-swift" */;
			productName = MatrixRustSDK;
		};
/* End XCSwiftPackageProductDependency section */
	};
	rootObject = 22F56CF52C4D435C000E6E71 /* Project object */;
}
